
Microsoft Visual Studio Solution File, Format Version 12.00
# Visual Studio Version 17
VisualStudioVersion = 17.1.32210.238
MinimumVisualStudioVersion = 10.0.40219.1
Project("{8BC9CEB8-8B4A-11D0-8D11-00A0C91BC942}") = "AntiHackingEngineHelper", "AntiHackingEngineHelper\AntiHackingEngineHelper.vcxproj", "{AE1C89F2-DDEB-4708-AB57-5086C26C3532}"
EndProject
Global
	GlobalSection(SolutionConfigurationPlatforms) = preSolution
		Debug|x64 = Debug|x64
		Debug|x86 = Debug|x86
		Release|x64 = Release|x64
		Release|x86 = Release|x86
	EndGlobalSection
	GlobalSection(ProjectConfigurationPlatforms) = postSolution
		{AE1C89F2-DDEB-4708-AB57-5086C26C3532}.Debug|x64.ActiveCfg = Debug|x64
		{AE1C89F2-DDEB-4708-AB57-5086C26C3532}.Debug|x64.Build.0 = Debug|x64
		{AE1C89F2-DDEB-4708-AB57-5086C26C3532}.Debug|x86.ActiveCfg = Debug|Win32
		{AE1C89F2-DDEB-4708-AB57-5086C26C3532}.Debug|x86.Build.0 = Debug|Win32
		{AE1C89F2-DDEB-4708-AB57-5086C26C3532}.Release|x64.ActiveCfg = Release|x64
		{AE1C89F2-DDEB-4708-AB57-5086C26C3532}.Release|x64.Build.0 = Release|x64
		{AE1C89F2-DDEB-4708-AB57-5086C26C3532}.Release|x86.ActiveCfg = Release|Win32
		{AE1C89F2-DDEB-4708-AB57-5086C26C3532}.Release|x86.Build.0 = Release|Win32
	EndGlobalSection
	GlobalSection(SolutionProperties) = preSolution
		HideSolutionNode = FALSE
	EndGlobalSection
	GlobalSection(ExtensibilityGlobals) = postSolution
		SolutionGuid = {14A4B48A-C3B2-4E10-B217-0B46788226A7}
	EndGlobalSection
EndGlobal
